
Microsoft Visual Studio Solution File, Format Version 12.00
# Visual Studio Version 17
VisualStudioVersion = 17.6.33712.159
MinimumVisualStudioVersion = 10.0.40219.1
Project("{9A19103F-16F7-4668-BE54-9A1E7A4F7556}") = "001_练习", "001_练习.csproj", "{CAEEDB03-1296-46AD-9F24-6F7A2A3C4610}"
EndProject
Project("{9A19103F-16F7-4668-BE54-9A1E7A4F7556}") = "002_变量", "..\WorkPlace2\002_变量.csproj", "{45C7A228-5DF5-4A63-A559-14DFBA7325BF}"
EndProject
Project("{9A19103F-16F7-4668-BE54-9A1E7A4F7556}") = "Test", "..\Test\Test.csproj", "{2C11B862-2FEE-4E06-8C75-B10533F756B9}"
EndProject
Project("{9A19103F-16F7-4668-BE54-9A1E7A4F7556}") = "if", "..\if\if.csproj", "{9EFCF183-636A-4FE7-8468-8C14FF4A59B8}"
EndProject
Project("{9A19103F-16F7-4668-BE54-9A1E7A4F7556}") = "004_循环", "..\004_循环\004_循环.csproj", "{ACBA28EF-0B9E-4819-938F-B41B002D8195}"
EndProject
Project("{9A19103F-16F7-4668-BE54-9A1E7A4F7556}") = "public", "..\public\public.csproj", "{2F74C7FF-B2D3-483A-8B3A-DD4695944D60}"
EndProject
Project("{9A19103F-16F7-4668-BE54-9A1E7A4F7556}") = "006_数组", "..\006_数组\006_数组.csproj", "{859E03B6-BF8E-4E4E-82D5-C53D987799A6}"
EndProject
Project("{9A19103F-16F7-4668-BE54-9A1E7A4F7556}") = "string_方法", "..\string_方法\string_方法.csproj", "{87A4F0E3-7AEE-4B85-9988-F200976F83CE}"
EndProject
Project("{9A19103F-16F7-4668-BE54-9A1E7A4F7556}") = "007_类与结构", "..\007_类与结构\007_类与结构.csproj", "{4B425B0C-852C-4C32-96D0-674F8EC3C951}"
EndProject
Project("{9A19103F-16F7-4668-BE54-9A1E7A4F7556}") = "008_继承", "..\008_继承\008_继承.csproj", "{C207CF76-B62A-451A-87A7-AAA6A251E11D}"
EndProject
Project("{9A19103F-16F7-4668-BE54-9A1E7A4F7556}") = "009_多态", "..\009_多态\009_多态.csproj", "{CC6DB1A0-9395-4343-AF99-4C8C023198DD}"
EndProject
Project("{9A19103F-16F7-4668-BE54-9A1E7A4F7556}") = "010_正则表达式", "..\010_正则表达式\010_正则表达式.csproj", "{C9B1BB77-1625-4F8D-B421-587D36E74F12}"
EndProject
Project("{9A19103F-16F7-4668-BE54-9A1E7A4F7556}") = "011_异常", "..\011_异常\011_异常.csproj", "{04296FAF-43E4-4B67-BE4A-0B510F80B979}"
EndProject
Project("{9A19103F-16F7-4668-BE54-9A1E7A4F7556}") = "012_特性和反射", "..\012_特性\012_特性和反射.csproj", "{F54135C9-820A-4A26-963A-28890209F83B}"
EndProject
Project("{9A19103F-16F7-4668-BE54-9A1E7A4F7556}") = "013_属性", "..\013_属性\013_属性.csproj", "{7DF78C5A-B352-42E5-A630-039892694ABE}"
EndProject
Project("{9A19103F-16F7-4668-BE54-9A1E7A4F7556}") = "014_索引器", "..\014_索引器\014_索引器.csproj", "{D971AD6D-806C-4B65-8E35-5A1D60B86227}"
EndProject
Project("{9A19103F-16F7-4668-BE54-9A1E7A4F7556}") = "015_委托", "..\015_委托\015_委托.csproj", "{436E95B7-83AB-4279-B360-42237AB0A179}"
EndProject
Project("{9A19103F-16F7-4668-BE54-9A1E7A4F7556}") = "016_事件", "..\016_事件\016_事件.csproj", "{B4CC9C2A-E856-4231-9DB0-CBC6A9EE035D}"
EndProject
Project("{FAE04EC0-301F-11D3-BF4B-00C04F79EFBC}") = "017_范型", "..\017_范式\017_范型.csproj", "{3FA61BD9-C2DD-4346-858B-796F343DC56C}"
EndProject
Global
	GlobalSection(SolutionConfigurationPlatforms) = preSolution
		Debug|Any CPU = Debug|Any CPU
		Release|Any CPU = Release|Any CPU
	EndGlobalSection
	GlobalSection(ProjectConfigurationPlatforms) = postSolution
		{CAEEDB03-1296-46AD-9F24-6F7A2A3C4610}.Debug|Any CPU.ActiveCfg = Debug|Any CPU
		{CAEEDB03-1296-46AD-9F24-6F7A2A3C4610}.Debug|Any CPU.Build.0 = Debug|Any CPU
		{CAEEDB03-1296-46AD-9F24-6F7A2A3C4610}.Release|Any CPU.ActiveCfg = Release|Any CPU
		{CAEEDB03-1296-46AD-9F24-6F7A2A3C4610}.Release|Any CPU.Build.0 = Release|Any CPU
		{45C7A228-5DF5-4A63-A559-14DFBA7325BF}.Debug|Any CPU.ActiveCfg = Debug|Any CPU
		{45C7A228-5DF5-4A63-A559-14DFBA7325BF}.Debug|Any CPU.Build.0 = Debug|Any CPU
		{45C7A228-5DF5-4A63-A559-14DFBA7325BF}.Release|Any CPU.ActiveCfg = Release|Any CPU
		{45C7A228-5DF5-4A63-A559-14DFBA7325BF}.Release|Any CPU.Build.0 = Release|Any CPU
		{2C11B862-2FEE-4E06-8C75-B10533F756B9}.Debug|Any CPU.ActiveCfg = Debug|Any CPU
		{2C11B862-2FEE-4E06-8C75-B10533F756B9}.Debug|Any CPU.Build.0 = Debug|Any CPU
		{2C11B862-2FEE-4E06-8C75-B10533F756B9}.Release|Any CPU.ActiveCfg = Release|Any CPU
		{2C11B862-2FEE-4E06-8C75-B10533F756B9}.Release|Any CPU.Build.0 = Release|Any CPU
		{9EFCF183-636A-4FE7-8468-8C14FF4A59B8}.Debug|Any CPU.ActiveCfg = Debug|Any CPU
		{9EFCF183-636A-4FE7-8468-8C14FF4A59B8}.Debug|Any CPU.Build.0 = Debug|Any CPU
		{9EFCF183-636A-4FE7-8468-8C14FF4A59B8}.Release|Any CPU.ActiveCfg = Release|Any CPU
		{9EFCF183-636A-4FE7-8468-8C14FF4A59B8}.Release|Any CPU.Build.0 = Release|Any CPU
		{ACBA28EF-0B9E-4819-938F-B41B002D8195}.Debug|Any CPU.ActiveCfg = Debug|Any CPU
		{ACBA28EF-0B9E-4819-938F-B41B002D8195}.Debug|Any CPU.Build.0 = Debug|Any CPU
		{ACBA28EF-0B9E-4819-938F-B41B002D8195}.Release|Any CPU.ActiveCfg = Release|Any CPU
		{ACBA28EF-0B9E-4819-938F-B41B002D8195}.Release|Any CPU.Build.0 = Release|Any CPU
		{2F74C7FF-B2D3-483A-8B3A-DD4695944D60}.Debug|Any CPU.ActiveCfg = Debug|Any CPU
		{2F74C7FF-B2D3-483A-8B3A-DD4695944D60}.Debug|Any CPU.Build.0 = Debug|Any CPU
		{2F74C7FF-B2D3-483A-8B3A-DD4695944D60}.Release|Any CPU.ActiveCfg = Release|Any CPU
		{2F74C7FF-B2D3-483A-8B3A-DD4695944D60}.Release|Any CPU.Build.0 = Release|Any CPU
		{859E03B6-BF8E-4E4E-82D5-C53D987799A6}.Debug|Any CPU.ActiveCfg = Debug|Any CPU
		{859E03B6-BF8E-4E4E-82D5-C53D987799A6}.Debug|Any CPU.Build.0 = Debug|Any CPU
		{859E03B6-BF8E-4E4E-82D5-C53D987799A6}.Release|Any CPU.ActiveCfg = Release|Any CPU
		{859E03B6-BF8E-4E4E-82D5-C53D987799A6}.Release|Any CPU.Build.0 = Release|Any CPU
		{87A4F0E3-7AEE-4B85-9988-F200976F83CE}.Debug|Any CPU.ActiveCfg = Debug|Any CPU
		{87A4F0E3-7AEE-4B85-9988-F200976F83CE}.Debug|Any CPU.Build.0 = Debug|Any CPU
		{87A4F0E3-7AEE-4B85-9988-F200976F83CE}.Release|Any CPU.ActiveCfg = Release|Any CPU
		{87A4F0E3-7AEE-4B85-9988-F200976F83CE}.Release|Any CPU.Build.0 = Release|Any CPU
		{4B425B0C-852C-4C32-96D0-674F8EC3C951}.Debug|Any CPU.ActiveCfg = Debug|Any CPU
		{4B425B0C-852C-4C32-96D0-674F8EC3C951}.Debug|Any CPU.Build.0 = Debug|Any CPU
		{4B425B0C-852C-4C32-96D0-674F8EC3C951}.Release|Any CPU.ActiveCfg = Release|Any CPU
		{4B425B0C-852C-4C32-96D0-674F8EC3C951}.Release|Any CPU.Build.0 = Release|Any CPU
		{C207CF76-B62A-451A-87A7-AAA6A251E11D}.Debug|Any CPU.ActiveCfg = Debug|Any CPU
		{C207CF76-B62A-451A-87A7-AAA6A251E11D}.Debug|Any CPU.Build.0 = Debug|Any CPU
		{C207CF76-B62A-451A-87A7-AAA6A251E11D}.Release|Any CPU.ActiveCfg = Release|Any CPU
		{C207CF76-B62A-451A-87A7-AAA6A251E11D}.Release|Any CPU.Build.0 = Release|Any CPU
		{CC6DB1A0-9395-4343-AF99-4C8C023198DD}.Debug|Any CPU.ActiveCfg = Debug|Any CPU
		{CC6DB1A0-9395-4343-AF99-4C8C023198DD}.Debug|Any CPU.Build.0 = Debug|Any CPU
		{CC6DB1A0-9395-4343-AF99-4C8C023198DD}.Release|Any CPU.ActiveCfg = Release|Any CPU
		{CC6DB1A0-9395-4343-AF99-4C8C023198DD}.Release|Any CPU.Build.0 = Release|Any CPU
		{C9B1BB77-1625-4F8D-B421-587D36E74F12}.Debug|Any CPU.ActiveCfg = Debug|Any CPU
		{C9B1BB77-1625-4F8D-B421-587D36E74F12}.Debug|Any CPU.Build.0 = Debug|Any CPU
		{C9B1BB77-1625-4F8D-B421-587D36E74F12}.Release|Any CPU.ActiveCfg = Release|Any CPU
		{C9B1BB77-1625-4F8D-B421-587D36E74F12}.Release|Any CPU.Build.0 = Release|Any CPU
		{04296FAF-43E4-4B67-BE4A-0B510F80B979}.Debug|Any CPU.ActiveCfg = Debug|Any CPU
		{04296FAF-43E4-4B67-BE4A-0B510F80B979}.Debug|Any CPU.Build.0 = Debug|Any CPU
		{04296FAF-43E4-4B67-BE4A-0B510F80B979}.Release|Any CPU.ActiveCfg = Release|Any CPU
		{04296FAF-43E4-4B67-BE4A-0B510F80B979}.Release|Any CPU.Build.0 = Release|Any CPU
		{F54135C9-820A-4A26-963A-28890209F83B}.Debug|Any CPU.ActiveCfg = Debug|Any CPU
		{F54135C9-820A-4A26-963A-28890209F83B}.Debug|Any CPU.Build.0 = Debug|Any CPU
		{F54135C9-820A-4A26-963A-28890209F83B}.Release|Any CPU.ActiveCfg = Release|Any CPU
		{F54135C9-820A-4A26-963A-28890209F83B}.Release|Any CPU.Build.0 = Release|Any CPU
		{7DF78C5A-B352-42E5-A630-039892694ABE}.Debug|Any CPU.ActiveCfg = Debug|Any CPU
		{7DF78C5A-B352-42E5-A630-039892694ABE}.Debug|Any CPU.Build.0 = Debug|Any CPU
		{7DF78C5A-B352-42E5-A630-039892694ABE}.Release|Any CPU.ActiveCfg = Release|Any CPU
		{7DF78C5A-B352-42E5-A630-039892694ABE}.Release|Any CPU.Build.0 = Release|Any CPU
		{D971AD6D-806C-4B65-8E35-5A1D60B86227}.Debug|Any CPU.ActiveCfg = Debug|Any CPU
		{D971AD6D-806C-4B65-8E35-5A1D60B86227}.Debug|Any CPU.Build.0 = Debug|Any CPU
		{D971AD6D-806C-4B65-8E35-5A1D60B86227}.Release|Any CPU.ActiveCfg = Release|Any CPU
		{D971AD6D-806C-4B65-8E35-5A1D60B86227}.Release|Any CPU.Build.0 = Release|Any CPU
		{436E95B7-83AB-4279-B360-42237AB0A179}.Debug|Any CPU.ActiveCfg = Debug|Any CPU
		{436E95B7-83AB-4279-B360-42237AB0A179}.Debug|Any CPU.Build.0 = Debug|Any CPU
		{436E95B7-83AB-4279-B360-42237AB0A179}.Release|Any CPU.ActiveCfg = Release|Any CPU
		{436E95B7-83AB-4279-B360-42237AB0A179}.Release|Any CPU.Build.0 = Release|Any CPU
		{B4CC9C2A-E856-4231-9DB0-CBC6A9EE035D}.Debug|Any CPU.ActiveCfg = Debug|Any CPU
		{B4CC9C2A-E856-4231-9DB0-CBC6A9EE035D}.Debug|Any CPU.Build.0 = Debug|Any CPU
		{B4CC9C2A-E856-4231-9DB0-CBC6A9EE035D}.Release|Any CPU.ActiveCfg = Release|Any CPU
		{B4CC9C2A-E856-4231-9DB0-CBC6A9EE035D}.Release|Any CPU.Build.0 = Release|Any CPU
		{3FA61BD9-C2DD-4346-858B-796F343DC56C}.Debug|Any CPU.ActiveCfg = Debug|Any CPU
		{3FA61BD9-C2DD-4346-858B-796F343DC56C}.Debug|Any CPU.Build.0 = Debug|Any CPU
		{3FA61BD9-C2DD-4346-858B-796F343DC56C}.Release|Any CPU.ActiveCfg = Release|Any CPU
		{3FA61BD9-C2DD-4346-858B-796F343DC56C}.Release|Any CPU.Build.0 = Release|Any CPU
	EndGlobalSection
	GlobalSection(SolutionProperties) = preSolution
		HideSolutionNode = FALSE
	EndGlobalSection
	GlobalSection(ExtensibilityGlobals) = postSolution
		SolutionGuid = {70760C42-1905-4638-A82C-6E6BDD0CFAC6}
	EndGlobalSection
EndGlobal
